{
  "nodes": {
    "demod-quanta-src": {
      "flake": false,
      "locked": {
        "lastModified": 1783892749,
        "narHash": "sha256-6YT3bcSUbtFngu8GaqwgoF3QAh85Ecd2uBIeUVrM7vA=",
        "owner": "ALH477",
        "repo": "DeMoD",
        "rev": "271ff10abdf451c34e42eb5217070d6b41ded654",
        "type": "github"
      },
      "original": {
        "owner": "ALH477",
        "repo": "DeMoD",
        "type": "github"
      }
    },
    "exsecutor": {
      "inputs": {
        "nixpkgs": [
          "nixpkgs"
        ]
      },
      "locked": {
        "lastModified": 1790044297,
        "narHash": "sha256-slYZFLJcBEcSFpPpcw9T7KOB73J33NRfEhyid0cP/zg=",
        "owner": "ALH477",
        "repo": "exsecutor",
        "rev": "2b18875cf290ba5eb03d982b2a89049a7c687dea",
        "type": "github"
      },
      "original": {
        "owner": "ALH477",
        "repo": "exsecutor",
        "type": "github"
      }
    },
    "flake-utils": {
      "inputs": {
        "systems": "systems"
      },
      "locked": {
        "lastModified": 1731533236,
        "narHash": "sha256-l0KFg5HjrsfsO/JpG+r7fRrqm12kzFHyUHqHCVpMMbI=",
        "owner": "numtide",
        "repo": "flake-utils",
        "rev": "11707dc2f618dd54ca8739b309ec4fc024de578b",
        "type": "github"
      },
      "original": {
        "owner": "numtide",
        "repo": "flake-utils",
        "type": "github"
      }
    },
    "janus-c-src": {
      "flake": false,
      "locked": {
        "lastModified": 1708038105,
        "narHash": "sha256-vFW8996z+FCCihlq/sieokqQXf6qaewL6rwhPQ89V68=",
        "owner": "mission-systems-pty-ltd",
        "repo": "janus-c",
        "rev": "65f6c54065a9f6a359be99749e6a90631c3d7d9d",
        "type": "github"
      },
      "original": {
        "owner": "mission-systems-pty-ltd",
        "repo": "janus-c",
        "type": "github"
      }
    },
    "nixpkgs": {
      "locked": {
        "lastModified": 1767640445,
        "narHash": "sha256-UWYqmD7JFBEDBHWYcqE6s6c77pWdcU/i+bwD6XxMb8A=",
        "owner": "NixOS",
        "repo": "nixpkgs",
        "rev": "9f0c42f8bc7151b8e7e5840fb3bd454ad850d8c5",
        "type": "github"
      },
      "original": {
        "owner": "NixOS",
        "ref": "nixos-unstable",
        "repo": "nixpkgs",
        "type": "github"
      }
    },
    "nixpkgs-faust": {
      "locked": {
        "lastModified": 1735563628,
        "narHash": "sha256-OnSAY7XDSx7CtDoqNh8jwVwh4xNL/2HaJxGjryLWzX8=",
        "owner": "NixOS",
        "repo": "nixpkgs",
        "rev": "b134951a4c9f3c995fd7be05f3243f8ecd65d798",
        "type": "github"
      },
      "original": {
        "owner": "NixOS",
        "ref": "nixos-24.05",
        "repo": "nixpkgs",
        "type": "github"
      }
    },
    "nixpkgs_2": {
      "locked": {
        "lastModified": 1744536153,
        "narHash": "sha256-awS2zRgF4uTwrOKwwiJcByDzDOdo3Q1rPZbiHQg/N38=",
        "owner": "NixOS",
        "repo": "nixpkgs",
        "rev": "18dd725c29603f582cf1900e0d25f9f1063dbf11",
        "type": "github"
      },
      "original": {
        "owner": "NixOS",
        "ref": "nixpkgs-unstable",
        "repo": "nixpkgs",
        "type": "github"
      }
    },
    "root": {
      "inputs": {
        "demod-quanta-src": "demod-quanta-src",
        "exsecutor": "exsecutor",
        "flake-utils": "flake-utils",
        "janus-c-src": "janus-c-src",
        "nixpkgs": "nixpkgs",
        "nixpkgs-faust": "nixpkgs-faust",
        "rust-overlay": "rust-overlay"
      }
    },
    "rust-overlay": {
      "inputs": {
        "nixpkgs": "nixpkgs_2"
      },
      "locked": {
        "lastModified": 1782012058,
        "narHash": "sha256-9mWUnReOUXfKjZuJAL/bAFH3LUyECTRtXgSNVjRw3UY=",
        "owner": "oxalica",
        "repo": "rust-overlay",
        "rev": "8534567325bd8a8d2928e6afd81e0a87d19efd3c",
        "type": "github"
      },
      "original": {
        "owner": "oxalica",
        "repo": "rust-overlay",
        "type": "github"
      }
    },
    "systems": {
      "locked": {
        "lastModified": 1681028828,
        "narHash": "sha256-Vy1rq5AaRuLzOxct8nz4T6wlgyUR7zLU309k9mBC768=",
        "owner": "nix-systems",
        "repo": "default",
        "rev": "da67096a3b9bf56a91d16901293e51ba5b49a27e",
        "type": "github"
      },
      "original": {
        "owner": "nix-systems",
        "repo": "default",
        "type": "github"
      }
    }
  },
  "root": "root",
  "version": 7
}
